
Microsoft Visual Studio Solution File, Format Version 12.00
# Visual Studio Version 16
VisualStudioVersion = 16.0.31112.23
MinimumVisualStudioVersion = 10.0.40219.1
Project("{FAE04EC0-301F-11D3-BF4B-00C04F79EFBC}") = "findCharAmount", "findCharAmount\findCharAmount.csproj", "{745711F2-A6B0-4F92-BFA6-A53FA1AA8B20}"
EndProject
Project("{FAE04EC0-301F-11D3-BF4B-00C04F79EFBC}") = "findCharAmout.nUnitTests", "findCharAmout.nUnitTests\findCharAmout.nUnitTests.csproj", "{678BE706-2C15-4D6F-A373-833CB7A753C1}"
EndProject
Global
	GlobalSection(SolutionConfigurationPlatforms) = preSolution
		Debug|Any CPU = Debug|Any CPU
		Release|Any CPU = Release|Any CPU
	EndGlobalSection
	GlobalSection(ProjectConfigurationPlatforms) = postSolution
		{745711F2-A6B0-4F92-BFA6-A53FA1AA8B20}.Debug|Any CPU.ActiveCfg = Debug|Any CPU
		{745711F2-A6B0-4F92-BFA6-A53FA1AA8B20}.Debug|Any CPU.Build.0 = Debug|Any CPU
		{745711F2-A6B0-4F92-BFA6-A53FA1AA8B20}.Release|Any CPU.ActiveCfg = Release|Any CPU
		{745711F2-A6B0-4F92-BFA6-A53FA1AA8B20}.Release|Any CPU.Build.0 = Release|Any CPU
		{678BE706-2C15-4D6F-A373-833CB7A753C1}.Debug|Any CPU.ActiveCfg = Debug|Any CPU
		{678BE706-2C15-4D6F-A373-833CB7A753C1}.Debug|Any CPU.Build.0 = Debug|Any CPU
		{678BE706-2C15-4D6F-A373-833CB7A753C1}.Release|Any CPU.ActiveCfg = Release|Any CPU
		{678BE706-2C15-4D6F-A373-833CB7A753C1}.Release|Any CPU.Build.0 = Release|Any CPU
	EndGlobalSection
	GlobalSection(SolutionProperties) = preSolution
		HideSolutionNode = FALSE
	EndGlobalSection
	GlobalSection(ExtensibilityGlobals) = postSolution
		SolutionGuid = {B4759B7A-D3D1-4228-A294-8D9892DF7FA4}
	EndGlobalSection
EndGlobal
